
Microsoft Visual Studio Solution File, Format Version 12.00
# Visual Studio Version 17
VisualStudioVersion = 17.9.34728.123
MinimumVisualStudioVersion = 10.0.40219.1
Project("{FAE04EC0-301F-11D3-BF4B-00C04F79EFBC}") = "Parcial1_PWA", "Parcial1_PWA\Parcial1_PWA.csproj", "{7134A6A1-A04D-4E56-940B-A5A11FB72B04}"
EndProject
Global
	GlobalSection(SolutionConfigurationPlatforms) = preSolution
		Debug|Any CPU = Debug|Any CPU
		Release|Any CPU = Release|Any CPU
	EndGlobalSection
	GlobalSection(ProjectConfigurationPlatforms) = postSolution
		{7134A6A1-A04D-4E56-940B-A5A11FB72B04}.Debug|Any CPU.ActiveCfg = Debug|Any CPU
		{7134A6A1-A04D-4E56-940B-A5A11FB72B04}.Debug|Any CPU.Build.0 = Debug|Any CPU
		{7134A6A1-A04D-4E56-940B-A5A11FB72B04}.Release|Any CPU.ActiveCfg = Release|Any CPU
		{7134A6A1-A04D-4E56-940B-A5A11FB72B04}.Release|Any CPU.Build.0 = Release|Any CPU
	EndGlobalSection
	GlobalSection(SolutionProperties) = preSolution
		HideSolutionNode = FALSE
	EndGlobalSection
	GlobalSection(ExtensibilityGlobals) = postSolution
		SolutionGuid = {690C5C7A-D470-46A0-B355-FD8303B66DD2}
	EndGlobalSection
EndGlobal
